{
    "_meta": {
        "hash": {
            "sha256": "6795c53d2c7165cd82b49d88fb978bee68c134359adb04b1b67221381bc1e3f7"
        },
        "pipfile-spec": 6,
        "requires": {
            "python_version": "3.7"
        },
        "sources": [
            {
                "name": "pypi",
                "url": "https://pypi.org/simple",
                "verify_ssl": true
            }
        ]
    },
    "default": {
        "certifi": {
            "hashes": [
                "sha256:339dc09518b07e2fa7eda5450740925974815557727d6bd35d319c1524a04a4c",
                "sha256:6d58c986d22b038c8c0df30d639f23a3e6d172a05c3583e766f4c0b785c0986a"
            ],
            "version": "==2018.10.15"
        },
        "chardet": {
            "hashes": [
                "sha256:84ab92ed1c4d4f16916e05906b6b75a6c0fb5db821cc65e70cbd64a3e2a5eaae",
                "sha256:fc323ffcaeaed0e0a02bf4d117757b98aed530d9ed4531e3e15460124c106691"
            ],
            "version": "==3.0.4"
        },
        "coreapi": {
            "hashes": [
                "sha256:46145fcc1f7017c076a2ef684969b641d18a2991051fddec9458ad3f78ffc1cb",
                "sha256:bf39d118d6d3e171f10df9ede5666f63ad80bba9a29a8ec17726a66cf52ee6f3"
            ],
            "index": "pypi",
            "version": "==2.3.3"
        },
        "coreschema": {
            "hashes": [
                "sha256:5e6ef7bf38c1525d5e55a895934ab4273548629f16aed5c0a6caa74ebf45551f",
                "sha256:9503506007d482ab0867ba14724b93c18a33b22b6d19fb419ef2d239dd4a1607"
            ],
            "version": "==0.0.4"
        },
        "django": {
            "hashes": [
                "sha256:1ffab268ada3d5684c05ba7ce776eaeedef360712358d6a6b340ae9f16486916",
                "sha256:dd46d87af4c1bf54f4c926c3cfa41dc2b5c15782f15e4329752ce65f5dad1c37"
            ],
            "index": "pypi",
            "version": "==2.1.3"
        },
        "djangorestframework": {
            "hashes": [
                "sha256:607865b0bb1598b153793892101d881466bd5a991de12bd6229abb18b1c86136",
                "sha256:63f76cbe1e7d12b94c357d7e54401103b2e52aef0f7c1650d6c820ad708776e5"
            ],
            "index": "pypi",
            "version": "==3.9.0"
        },
        "djangorestframework-simplejwt": {
            "hashes": [
                "sha256:7e768f4198319ab81dbf56c3c873c83df6a2c116dbdc08d180920346c970f9a3",
                "sha256:f047610ec3038dc3b2017538c60f5623a27fc834348217540e4a00db0276f8c6"
            ],
            "index": "pypi",
            "version": "==3.2.3"
        },
        "drf-yasg": {
            "hashes": [
                "sha256:24a02bbf56361ae0e304744f9c4aa96544270decd9d79b37d10dfd6dd04e5f22",
                "sha256:b07192a6697ced6da49c5b016f1805960b0a7a1682fb21e86045a6bb572ffa99"
            ],
            "index": "pypi",
            "version": "==1.11.0"
        },
        "idna": {
            "hashes": [
                "sha256:156a6814fb5ac1fc6850fb002e0852d56c0c8d2531923a51032d1b70760e186e",
                "sha256:684a38a6f903c1d71d6d5fac066b58d7768af4de2b832e426ec79c30daa94a16"
            ],
            "version": "==2.7"
        },
        "inflection": {
            "hashes": [
                "sha256:18ea7fb7a7d152853386523def08736aa8c32636b047ade55f7578c4edeb16ca"
            ],
            "version": "==0.3.1"
        },
        "itypes": {
            "hashes": [
                "sha256:c6e77bb9fd68a4bfeb9d958fea421802282451a25bac4913ec94db82a899c073"
            ],
            "version": "==1.1.0"
        },
        "jinja2": {
            "hashes": [
                "sha256:74c935a1b8bb9a3947c50a54766a969d4846290e1e788ea44c1392163723c3bd",
                "sha256:f84be1bb0040caca4cea721fcbbbbd61f9be9464ca236387158b0feea01914a4"
            ],
            "version": "==2.10"
        },
        "markupsafe": {
            "hashes": [
                "sha256:a6be69091dac236ea9c6bc7d012beab42010fa914c459791d627dad4910eb665"
            ],
            "version": "==1.0"
        },
        "pyjwt": {
            "hashes": [
                "sha256:30b1380ff43b55441283cc2b2676b755cca45693ae3097325dea01f3d110628c",
                "sha256:4ee413b357d53fd3fb44704577afac88e72e878716116270d722723d65b42176"
            ],
            "version": "==1.6.4"
        },
        "pytz": {
            "hashes": [
                "sha256:31cb35c89bd7d333cd32c5f278fca91b523b0834369e757f4c5641ea252236ca",
                "sha256:8e0f8568c118d3077b46be7d654cc8167fa916092e28320cde048e54bfc9f1e6"
            ],
            "version": "==2018.7"
        },
        "requests": {
            "hashes": [
                "sha256:99dcfdaaeb17caf6e526f32b6a7b780461512ab3f1d992187801694cba42770c",
                "sha256:a84b8c9ab6239b578f22d1c21d51b696dcfe004032bb80ea832398d6909d7279"
            ],
            "index": "pypi",
            "version": "==2.20.0"
        },
        "ruamel.yaml": {
            "hashes": [
                "sha256:072dc57ca784e92ea4b862d9bba96fcd67eef690e9b900bdda98b94101d9574f",
                "sha256:092ca763a7ec607551a319f0c5bb8ba3a72d41fb717b842bf6712ec9fba7bdc0",
                "sha256:179514d1224742698b0ba0796e8a708f335a5ee236f045e3721477060af60212",
                "sha256:2f07aff162737b0de070cf985b9d83ad41b89f6643db8fa24a5dd6c0b15a5a7b",
                "sha256:325c566a83b01f2c2203ce1f560ed165e6bed9423db845c750a71591d019795e",
                "sha256:4a2d25b2f41e4de9bacc48047f30004fc81acd13a2fe933b0e4df4e3f7c53324",
                "sha256:50c60aca46a5cea8b78fe790414618d68919e15f3bc6b30eade8bea2e8346bb4",
                "sha256:55e549faac1cf8896ac3d22303d1a06d3eac3bec888a3a8ee8261427d5c018a1",
                "sha256:5c268be4b4c7cd5f29debaadf6eeec0babcd97a38b675771a289f095f491faeb",
                "sha256:6336809db65c16141af0ce74c5dd543921df7ade7309ca1b1d29cee09a732953",
                "sha256:6d8cc8ec8f7f5c3bc270834f8682bab2205f3416415cb3129713d429af74a3f0",
                "sha256:88acd9556c163b50f7bc9d745f9e5c797ae45d7472347c7292d2da03678f49e5",
                "sha256:8d917bcf5e759c5000d87540c866e443430c6b22340a996a8bc934a4f2e6cfc6",
                "sha256:90d6da3507df6eaf954053344069947b68657a2ae60858755088df601ae13315",
                "sha256:93b06f69de4651386d2f1a39fa44173017ac1f736bddde8293e51eb70a8505eb",
                "sha256:9dc2a9869f45ace93bb8ecc83a308498ecf9aabd4e54561280c33d29f1f3546d",
                "sha256:b53ba9d2fe0823b9f6e0159673f74317261e1cc3b8437785681938dd8ea18057",
                "sha256:bc818b96b08cd1b66bff34725bafe91d20a009acfda22c690d85ecdc061c4d8f",
                "sha256:c76a325efc566c8a7c92fb369fb20f4190c6e59d2b5fff77d016aa2d4dd875eb",
                "sha256:e9b03d591f6591aa4094628d4e41e1bea90c1fdee42dfcc18734a74c4c47bec8",
                "sha256:ed867438b72f0e9de6d57c557c1b28d5f7dce35836107695135d53b1a46825fe",
                "sha256:fc73c2e2c46e59d78d9e8be8a7e7252f8ff0e18ec7b7886b7a0f7797598f431a"
            ],
            "version": "==0.15.76"
        },
        "six": {
            "hashes": [
                "sha256:70e8a77beed4562e7f14fe23a786b54f6296e34344c23bc42f07b15018ff98e9",
                "sha256:832dc0e10feb1aa2c68dcc57dbb658f1c7e65b9b61af69048abc87a2db00a0eb"
            ],
            "version": "==1.11.0"
        },
        "uritemplate": {
            "hashes": [
                "sha256:01c69f4fe8ed503b2951bef85d996a9d22434d2431584b5b107b2981ff416fbd",
                "sha256:1b9c467a940ce9fb9f50df819e8ddd14696f89b9a8cc87ac77952ba416e0a8fd",
                "sha256:c02643cebe23fc8adb5e6becffe201185bf06c40bda5c0b4028a93f1527d011d"
            ],
            "version": "==3.0.0"
        },
        "urllib3": {
            "hashes": [
                "sha256:61bf29cada3fc2fbefad4fdf059ea4bd1b4a86d2b6d15e1c7c0b582b9752fe39",
                "sha256:de9529817c93f27c8ccbfead6985011db27bd0ddfcdb2d86f3f663385c6a9c22"
            ],
            "version": "==1.24.1"
        }
    },
    "develop": {}
}
